
Microsoft Visual Studio Solution File, Format Version 12.00
# Visual Studio Version 17
VisualStudioVersion = 17.2.32516.85
MinimumVisualStudioVersion = 10.0.40219.1
Project("{FAE04EC0-301F-11D3-BF4B-00C04F79EFBC}") = "Ids4", "Ids4\Ids4.csproj", "{EEEC5F0B-240B-4FCE-965D-D59392064392}"
EndProject
Project("{FAE04EC0-301F-11D3-BF4B-00C04F79EFBC}") = "MicrserviceTest", "MicrserviceTest\MicrserviceTest.csproj", "{8341E91B-5B79-4E3D-B62D-0C0DFE87760C}"
EndProject
Global
	GlobalSection(SolutionConfigurationPlatforms) = preSolution
		Debug|Any CPU = Debug|Any CPU
		Release|Any CPU = Release|Any CPU
	EndGlobalSection
	GlobalSection(ProjectConfigurationPlatforms) = postSolution
		{EEEC5F0B-240B-4FCE-965D-D59392064392}.Debug|Any CPU.ActiveCfg = Debug|Any CPU
		{EEEC5F0B-240B-4FCE-965D-D59392064392}.Debug|Any CPU.Build.0 = Debug|Any CPU
		{EEEC5F0B-240B-4FCE-965D-D59392064392}.Release|Any CPU.ActiveCfg = Release|Any CPU
		{EEEC5F0B-240B-4FCE-965D-D59392064392}.Release|Any CPU.Build.0 = Release|Any CPU
		{8341E91B-5B79-4E3D-B62D-0C0DFE87760C}.Debug|Any CPU.ActiveCfg = Debug|Any CPU
		{8341E91B-5B79-4E3D-B62D-0C0DFE87760C}.Debug|Any CPU.Build.0 = Debug|Any CPU
		{8341E91B-5B79-4E3D-B62D-0C0DFE87760C}.Release|Any CPU.ActiveCfg = Release|Any CPU
		{8341E91B-5B79-4E3D-B62D-0C0DFE87760C}.Release|Any CPU.Build.0 = Release|Any CPU
	EndGlobalSection
	GlobalSection(SolutionProperties) = preSolution
		HideSolutionNode = FALSE
	EndGlobalSection
	GlobalSection(ExtensibilityGlobals) = postSolution
		SolutionGuid = {76B15ACF-B27B-432E-A122-49410EF9F07F}
	EndGlobalSection
EndGlobal
